{
  "projects": [
    {
      "projectId": "bKpefHuncX8cEW37wPMjAY",
      "version": "latest",
      "dependencies": {},
      "lang": "ts",
      "fileLocks": [
        {
          "type": "globalVariant",
          "assetId": "qZ9zHZTyMfkd",
          "checksum": "2b75138862f4b01e9e7942e02643c913"
        },
        {
          "assetId": "bKpefHuncX8cEW37wPMjAY",
          "type": "projectCss",
          "checksum": "948d74ac4c6bcfa35880ef25401977a3"
        },
        {
          "type": "renderModule",
          "assetId": "UDRYWf85Tk81",
          "checksum": "32b30863014125ad076c597414ff84b2"
        },
        {
          "type": "cssRules",
          "assetId": "UDRYWf85Tk81",
          "checksum": "32b30863014125ad076c597414ff84b2"
        },
        {
          "type": "renderModule",
          "assetId": "whXBuzPs67oZ",
          "checksum": "246bee335d11f0a50cbd8e38e0f6134d"
        },
        {
          "type": "cssRules",
          "assetId": "whXBuzPs67oZ",
          "checksum": "246bee335d11f0a50cbd8e38e0f6134d"
        },
        {
          "type": "renderModule",
          "assetId": "7yo9Dsbre-qP",
          "checksum": "57b924f221b1e151ffc69d89fe089f6f"
        },
        {
          "type": "cssRules",
          "assetId": "7yo9Dsbre-qP",
          "checksum": "57b924f221b1e151ffc69d89fe089f6f"
        },
        {
          "type": "renderModule",
          "assetId": "Pkcejd69N6B2",
          "checksum": "0075ed2e23765fb1bb90347e2fb39f7e"
        },
        {
          "type": "cssRules",
          "assetId": "Pkcejd69N6B2",
          "checksum": "0075ed2e23765fb1bb90347e2fb39f7e"
        },
        {
          "type": "renderModule",
          "assetId": "6yatMaur83Tv",
          "checksum": "64da43b0f97169344bfdf0e6d39426a1"
        },
        {
          "type": "cssRules",
          "assetId": "6yatMaur83Tv",
          "checksum": "64da43b0f97169344bfdf0e6d39426a1"
        },
        {
          "type": "renderModule",
          "assetId": "8kOegrLbSihG",
          "checksum": "80760f62769138ecd3080d992ec6dad2"
        },
        {
          "type": "cssRules",
          "assetId": "8kOegrLbSihG",
          "checksum": "80760f62769138ecd3080d992ec6dad2"
        },
        {
          "type": "renderModule",
          "assetId": "3e3_IWktQyH3",
          "checksum": "6323eff4440dfaec49266f77bb78205d"
        },
        {
          "type": "cssRules",
          "assetId": "3e3_IWktQyH3",
          "checksum": "6323eff4440dfaec49266f77bb78205d"
        },
        {
          "type": "renderModule",
          "assetId": "klClyC9gb3mY",
          "checksum": "648a532c31cf12fc5492a9781dfc1a38"
        },
        {
          "type": "cssRules",
          "assetId": "klClyC9gb3mY",
          "checksum": "648a532c31cf12fc5492a9781dfc1a38"
        },
        {
          "type": "renderModule",
          "assetId": "1SCnhMzCyJ6Q",
          "checksum": "299775557cedb5f8ec970c350aa0dfa1"
        },
        {
          "type": "cssRules",
          "assetId": "1SCnhMzCyJ6Q",
          "checksum": "299775557cedb5f8ec970c350aa0dfa1"
        },
        {
          "type": "renderModule",
          "assetId": "fxMtrUw3ptbG",
          "checksum": "39874632c6d84becf39b44e4e94ed414"
        },
        {
          "type": "cssRules",
          "assetId": "fxMtrUw3ptbG",
          "checksum": "39874632c6d84becf39b44e4e94ed414"
        },
        {
          "type": "renderModule",
          "assetId": "oINsZBLAF-C7",
          "checksum": "7f17cf67973ec37cf02537ce9789bbf4"
        },
        {
          "type": "cssRules",
          "assetId": "oINsZBLAF-C7",
          "checksum": "7f17cf67973ec37cf02537ce9789bbf4"
        },
        {
          "type": "renderModule",
          "assetId": "AB8JaR2qqP1j",
          "checksum": "8a0a017de2398c1bc6860de83db6b2bb"
        },
        {
          "type": "cssRules",
          "assetId": "AB8JaR2qqP1j",
          "checksum": "8a0a017de2398c1bc6860de83db6b2bb"
        },
        {
          "type": "renderModule",
          "assetId": "ZEjrHd9Sj00z",
          "checksum": "1819fd84599faf2aaafa99570fd5fb7c"
        },
        {
          "type": "cssRules",
          "assetId": "ZEjrHd9Sj00z",
          "checksum": "1819fd84599faf2aaafa99570fd5fb7c"
        },
        {
          "type": "renderModule",
          "assetId": "tpVzQXKYpVqp",
          "checksum": "8d0b85c190cf44ef2f7f0394ff87c941"
        },
        {
          "type": "cssRules",
          "assetId": "tpVzQXKYpVqp",
          "checksum": "8d0b85c190cf44ef2f7f0394ff87c941"
        },
        {
          "type": "icon",
          "assetId": "wH-q_ZHHI5xE",
          "checksum": "f61bc5abc0b9f29f863ac60e7de65737"
        },
        {
          "type": "icon",
          "assetId": "rJDkI7DQJupj",
          "checksum": "0a14ded0bbc5ae1ca6c947b99df679bc"
        },
        {
          "type": "icon",
          "assetId": "zBmX1DTMfSz8",
          "checksum": "b0daf236f1366ddd8f1c7e71b4f2c5fa"
        },
        {
          "type": "icon",
          "assetId": "bZtI8GKsx3Dk",
          "checksum": "a58fea85e626e8581fd1c839f9ad1811"
        },
        {
          "type": "icon",
          "assetId": "yGKgemdy4vRT",
          "checksum": "ad447590707da769627190dbe534ed32"
        },
        {
          "type": "icon",
          "assetId": "OZxj6PEMKlQr",
          "checksum": "ea534b9552f34589fa7abd9500fe7e18"
        },
        {
          "type": "icon",
          "assetId": "F0XhZxH8z4hM",
          "checksum": "5edff0d13ec46bcd5926d7cb1fbcab20"
        },
        {
          "type": "icon",
          "assetId": "nlv94mHfK712",
          "checksum": "76019caf77aecdbce0573e11756f164d"
        },
        {
          "type": "icon",
          "assetId": "9bppR-KsPbFY",
          "checksum": "ec706fa13881d469970cf7d68e97ecdc"
        },
        {
          "type": "icon",
          "assetId": "BedwA8wFRLDW",
          "checksum": "01719593da46a8be19871fec88390d81"
        },
        {
          "type": "icon",
          "assetId": "tRE4_14jTXTo",
          "checksum": "fcc3d10a3d4f74851434b74fe21fddcf"
        },
        {
          "type": "icon",
          "assetId": "CF6NN_ROGOFr",
          "checksum": "12290ff132cb010db50217cd7e57b965"
        },
        {
          "type": "icon",
          "assetId": "A-ref6SyXEO6",
          "checksum": "e4702f04009c8cf3ef43db1a08df2c19"
        },
        {
          "type": "icon",
          "assetId": "m3o4-MrKxmLB",
          "checksum": "28b360748a3992982f4fc1acc1d8cb58"
        },
        {
          "type": "icon",
          "assetId": "huiTPv2FStCq",
          "checksum": "470ac79c4e974d2ed0bb7dc57b94877b"
        },
        {
          "type": "icon",
          "assetId": "FiVijzGuz_s1",
          "checksum": "2df51ce45a88a7aeac31e87aba58e91a"
        },
        {
          "type": "icon",
          "assetId": "RZ9V44rzQiOl",
          "checksum": "0c4f0bdf5dc564cdc66e1cca7cd6373e"
        },
        {
          "type": "icon",
          "assetId": "OaK2c_P5Vmiw",
          "checksum": "21ddc8c6d019a772ad99794655c70019"
        },
        {
          "type": "icon",
          "assetId": "geiAdwhoBlbt",
          "checksum": "80d951b902a5b5c4fe7145a07691af09"
        },
        {
          "type": "icon",
          "assetId": "gmxW2ng1jNY9",
          "checksum": "0018b21fca13683a118c892a4e7e49fc"
        },
        {
          "type": "icon",
          "assetId": "L4effzobDuu0",
          "checksum": "190347a224617e13b47d0e2f9531327a"
        },
        {
          "type": "icon",
          "assetId": "EgDL1U1mt1UT",
          "checksum": "1c12b93e1c5f9e5236e5f269ec9755e4"
        },
        {
          "type": "icon",
          "assetId": "vGklhwXVcZVj",
          "checksum": "6876f9395c49f77f28bbda3ab0fc47cf"
        },
        {
          "type": "icon",
          "assetId": "XuiISRzHpvSG",
          "checksum": "cd950f754b811978a799f64fb48deadd"
        },
        {
          "type": "icon",
          "assetId": "26SHbHxUMzud",
          "checksum": "5167e0d15301a5d73428a07c2b3d0429"
        },
        {
          "type": "icon",
          "assetId": "DlSyS-g1RPMi",
          "checksum": "b2ec4209fa38b930d94b62f42448aee4"
        },
        {
          "type": "icon",
          "assetId": "WpDlUhOlxl-u",
          "checksum": "a11cb7102e9e8370ebb7b740513dfcff"
        },
        {
          "type": "icon",
          "assetId": "0CstZd6DV2ch",
          "checksum": "c00674e2f658d327b52eb8b577a288cd"
        },
        {
          "type": "icon",
          "assetId": "7oRSR7Mf1t-V",
          "checksum": "66bc3e5be7432989549709f55ff66e7f"
        },
        {
          "type": "icon",
          "assetId": "2Ct1AQL5KfTd",
          "checksum": "269a60cf8218700a15ff4cdc0d1d080e"
        },
        {
          "type": "icon",
          "assetId": "1GAuLh4c8wEI",
          "checksum": "27bd6e11d5d8c9c994ff36cd597b6dd4"
        },
        {
          "type": "icon",
          "assetId": "LjUHM2R-Utw9",
          "checksum": "e0b1470742c329d9e61505b334eacaaf"
        },
        {
          "type": "icon",
          "assetId": "_D_aNlnfEAWU",
          "checksum": "40dd12fbd339ffeec1a940b4a26bf67b"
        },
        {
          "type": "icon",
          "assetId": "mArF2tXHPomf",
          "checksum": "a3f1b534805e016b4f6768b3f39bef60"
        },
        {
          "type": "image",
          "assetId": "ne7jOQ8HFToQ",
          "checksum": "fb91617b074b5f0fe4af5b987b659c68"
        },
        {
          "type": "image",
          "assetId": "mYr-NLI_RHSn",
          "checksum": "36835966b4593dd1ad947e6608ef1546"
        },
        {
          "type": "image",
          "assetId": "s71I_mYYOjm8",
          "checksum": "8bb788ba7f96a0e233a4f2a7f4136ed5"
        },
        {
          "type": "image",
          "assetId": "rqDzKLWpTzz8",
          "checksum": "70514b03d68dc885f64844d4e848b830"
        }
      ]
    }
  ],
  "cliVersion": "0.1.161"
}
